
Microsoft Visual Studio Solution File, Format Version 12.00
# Visual Studio Version 17
VisualStudioVersion = 17.8.34322.80
MinimumVisualStudioVersion = 10.0.40219.1
Project("{FAE04EC0-301F-11D3-BF4B-00C04F79EFBC}") = "WorkTestAssignment", "WorkTestAssignment\WorkTestAssignment.csproj", "{D33EA203-3275-4651-B65C-7F520F2D10C2}"
EndProject
Global
	GlobalSection(SolutionConfigurationPlatforms) = preSolution
		Debug|Any CPU = Debug|Any CPU
		Release|Any CPU = Release|Any CPU
	EndGlobalSection
	GlobalSection(ProjectConfigurationPlatforms) = postSolution
		{D33EA203-3275-4651-B65C-7F520F2D10C2}.Debug|Any CPU.ActiveCfg = Debug|Any CPU
		{D33EA203-3275-4651-B65C-7F520F2D10C2}.Debug|Any CPU.Build.0 = Debug|Any CPU
		{D33EA203-3275-4651-B65C-7F520F2D10C2}.Release|Any CPU.ActiveCfg = Release|Any CPU
		{D33EA203-3275-4651-B65C-7F520F2D10C2}.Release|Any CPU.Build.0 = Release|Any CPU
	EndGlobalSection
	GlobalSection(SolutionProperties) = preSolution
		HideSolutionNode = FALSE
	EndGlobalSection
	GlobalSection(ExtensibilityGlobals) = postSolution
		SolutionGuid = {09522F61-8B5C-4E92-805E-B9942275D0BF}
	EndGlobalSection
EndGlobal
